// !$*UTF8*$!
{
	archiveVersion = 1;
	classes = {
	};
	objectVersion = 56;
	objects = {

/* Begin PBXBuildFile section */
		2FAE2F9FB6D537D45634CA98 /* Pods_IDODemoLite.framework in Frameworks */ = {isa = PBXBuildFile; fileRef = 969D12A1781E483E32991970 /* Pods_IDODemoLite.framework */; };
		3D5BF9382C84E646E9671AB6 /* Pods_IDODemoFull.framework in Frameworks */ = {isa = PBXBuildFile; fileRef = 51C8315B65B293A4CC6E79F0 /* Pods_IDODemoFull.framework */; };
		470498D12AEA5D1900ADA589 /* GetFunctionVC.swift in Sources */ = {isa = PBXBuildFile; fileRef = 470498D02AEA5D1900ADA589 /* GetFunctionVC.swift */; };
		470498D32AEA5D4400ADA589 /* SetFunctionVC.swift in Sources */ = {isa = PBXBuildFile; fileRef = 470498D22AEA5D4400ADA589 /* SetFunctionVC.swift */; };
		470498D92AEA5F7300ADA589 /* Constants.swift in Sources */ = {isa = PBXBuildFile; fileRef = 470498D82AEA5F7300ADA589 /* Constants.swift */; };
		470498DB2AEA7FB300ADA589 /* SyncDataVC.swift in Sources */ = {isa = PBXBuildFile; fileRef = 470498DA2AEA7FB300ADA589 /* SyncDataVC.swift */; };
		470498DE2AEA804500ADA589 /* Extensions.swift in Sources */ = {isa = PBXBuildFile; fileRef = 470498DD2AEA804500ADA589 /* Extensions.swift */; };
		4724AEC02D1F92B1005B6F71 /* LocationManager.swift in Sources */ = {isa = PBXBuildFile; fileRef = 4724AEBF2D1F92B1005B6F71 /* LocationManager.swift */; };
		4724AEC12D1F92B1005B6F71 /* LocationManager.swift in Sources */ = {isa = PBXBuildFile; fileRef = 4724AEBF2D1F92B1005B6F71 /* LocationManager.swift */; };
		4724AEC32D1F9610005B6F71 /* MessageNoticeVC.swift in Sources */ = {isa = PBXBuildFile; fileRef = 4724AEC22D1F9610005B6F71 /* MessageNoticeVC.swift */; };
		4724AEC42D1F9610005B6F71 /* MessageNoticeVC.swift in Sources */ = {isa = PBXBuildFile; fileRef = 4724AEC22D1F9610005B6F71 /* MessageNoticeVC.swift */; };
		4724AF572D1F9788005B6F71 /* imgs in Resources */ = {isa = PBXBuildFile; fileRef = 4724AF562D1F9788005B6F71 /* imgs */; };
		4724AF582D1F9788005B6F71 /* imgs in Resources */ = {isa = PBXBuildFile; fileRef = 4724AF562D1F9788005B6F71 /* imgs */; };
		4735BCD32C21336B006E26C9 /* files_trans in Resources */ = {isa = PBXBuildFile; fileRef = 4735BCD22C21336B006E26C9 /* files_trans */; };
		4735BCD42C21336B006E26C9 /* files_trans in Resources */ = {isa = PBXBuildFile; fileRef = 4735BCD22C21336B006E26C9 /* files_trans */; };
		4738B0742B3538EC00D6BBEC /* SetFunctionVC.swift in Sources */ = {isa = PBXBuildFile; fileRef = 470498D22AEA5D4400ADA589 /* SetFunctionVC.swift */; };
		4738B0752B3538EC00D6BBEC /* SyncDataVC.swift in Sources */ = {isa = PBXBuildFile; fileRef = 470498DA2AEA7FB300ADA589 /* SyncDataVC.swift */; };
		4738B0772B3538EC00D6BBEC /* AlexaPageVC.swift in Sources */ = {isa = PBXBuildFile; fileRef = 47D582422AE8B1E6007D9DCE /* AlexaPageVC.swift */; };
		4738B0782B3538EC00D6BBEC /* Extensions.swift in Sources */ = {isa = PBXBuildFile; fileRef = 470498DD2AEA804500ADA589 /* Extensions.swift */; };
		4738B0792B3538EC00D6BBEC /* GetFunctionVC.swift in Sources */ = {isa = PBXBuildFile; fileRef = 470498D02AEA5D1900ADA589 /* GetFunctionVC.swift */; };
		4738B07A2B3538EC00D6BBEC /* AppDelegate.swift in Sources */ = {isa = PBXBuildFile; fileRef = 47D5822C2AE8ACA5007D9DCE /* AppDelegate.swift */; };
		4738B07B2B3538EC00D6BBEC /* SportVC.swift in Sources */ = {isa = PBXBuildFile; fileRef = 47EAC8CC2B200CB000B88684 /* SportVC.swift */; };
		4738B07C2B3538EC00D6BBEC /* TransferFileVC.swift in Sources */ = {isa = PBXBuildFile; fileRef = 47C9DE0B2AF0F7D4006F7CB8 /* TransferFileVC.swift */; };
		4738B07D2B3538EC00D6BBEC /* Constants.swift in Sources */ = {isa = PBXBuildFile; fileRef = 470498D82AEA5F7300ADA589 /* Constants.swift */; };
		4738B07F2B3538EC00D6BBEC /* AVFoundation.framework in Frameworks */ = {isa = PBXBuildFile; fileRef = 47C9DE072AF0D334006F7CB8 /* AVFoundation.framework */; };
		4738B0802B3538EC00D6BBEC /* MediaPlayer.framework in Frameworks */ = {isa = PBXBuildFile; fileRef = 47C9DE092AF0D353006F7CB8 /* MediaPlayer.framework */; };
		4738B0832B3538EC00D6BBEC /* LaunchScreen.storyboard in Resources */ = {isa = PBXBuildFile; fileRef = 47D582372AE8ACA7007D9DCE /* LaunchScreen.storyboard */; };
		4738B0852B3538EC00D6BBEC /* Assets.xcassets in Resources */ = {isa = PBXBuildFile; fileRef = 47D582352AE8ACA7007D9DCE /* Assets.xcassets */; };
		4738B0862B3538EC00D6BBEC /* Main.storyboard in Resources */ = {isa = PBXBuildFile; fileRef = 47D582322AE8ACA5007D9DCE /* Main.storyboard */; };
		4738B0932B3545B200D6BBEC /* Bridge.swift in Sources */ = {isa = PBXBuildFile; fileRef = 4738B0922B3545B200D6BBEC /* Bridge.swift */; };
		4738B0952B3545C000D6BBEC /* Bridge.swift in Sources */ = {isa = PBXBuildFile; fileRef = 4738B0942B3545C000D6BBEC /* Bridge.swift */; };
		4738B0972B35658800D6BBEC /* FunctionPageVC.swift in Sources */ = {isa = PBXBuildFile; fileRef = 4738B0962B35658800D6BBEC /* FunctionPageVC.swift */; };
		4762EA062C33EBC9000C1A0C /* TestBleChannelVC.swift in Sources */ = {isa = PBXBuildFile; fileRef = 4762EA052C33EBC9000C1A0C /* TestBleChannelVC.swift */; };
		4762EA072C33EBC9000C1A0C /* TestBleChannelVC.swift in Sources */ = {isa = PBXBuildFile; fileRef = 4762EA052C33EBC9000C1A0C /* TestBleChannelVC.swift */; };
		477303132CBA58E500F9609D /* EpoVC.swift in Sources */ = {isa = PBXBuildFile; fileRef = 477303122CBA58E500F9609D /* EpoVC.swift */; };
		477303142CBA58E500F9609D /* EpoVC.swift in Sources */ = {isa = PBXBuildFile; fileRef = 477303122CBA58E500F9609D /* EpoVC.swift */; };
		47744CEA2D7E8799007048B7 /* DialZipParser.swift in Sources */ = {isa = PBXBuildFile; fileRef = 47744CE92D7E8799007048B7 /* DialZipParser.swift */; };
		47744CEB2D7E8799007048B7 /* DialZipParser.swift in Sources */ = {isa = PBXBuildFile; fileRef = 47744CE92D7E8799007048B7 /* DialZipParser.swift */; };
		47744CED2D7E891A007048B7 /* DialCustomizationView.swift in Sources */ = {isa = PBXBuildFile; fileRef = 47744CEC2D7E891A007048B7 /* DialCustomizationView.swift */; };
		47744CEE2D7E891A007048B7 /* DialCustomizationView.swift in Sources */ = {isa = PBXBuildFile; fileRef = 47744CEC2D7E891A007048B7 /* DialCustomizationView.swift */; };
		4781FAD42C1067F400F9A007 /* WatchFaceVC.swift in Sources */ = {isa = PBXBuildFile; fileRef = 4781FAD32C1067F400F9A007 /* WatchFaceVC.swift */; };
		4781FAD52C1067F400F9A007 /* WatchFaceVC.swift in Sources */ = {isa = PBXBuildFile; fileRef = 4781FAD32C1067F400F9A007 /* WatchFaceVC.swift */; };
		479094832D23CDB4006D0164 /* Strings.g.swift in Sources */ = {isa = PBXBuildFile; fileRef = 479094822D23CDB4006D0164 /* Strings.g.swift */; };
		479094842D23CDB4006D0164 /* Strings.g.swift in Sources */ = {isa = PBXBuildFile; fileRef = 479094822D23CDB4006D0164 /* Strings.g.swift */; };
		479094872D23CE5F006D0164 /* Localizable.strings in Resources */ = {isa = PBXBuildFile; fileRef = 479094852D23CE5F006D0164 /* Localizable.strings */; };
		479094882D23CE5F006D0164 /* Localizable.strings in Resources */ = {isa = PBXBuildFile; fileRef = 479094852D23CE5F006D0164 /* Localizable.strings */; };
		4790948B2D23D092006D0164 /* LanguageManager.swift in Sources */ = {isa = PBXBuildFile; fileRef = 4790948A2D23D092006D0164 /* LanguageManager.swift */; };
		4790948C2D23D092006D0164 /* LanguageManager.swift in Sources */ = {isa = PBXBuildFile; fileRef = 4790948A2D23D092006D0164 /* LanguageManager.swift */; };
		4790948E2D23D406006D0164 /* BaseVC.swift in Sources */ = {isa = PBXBuildFile; fileRef = 4790948D2D23D406006D0164 /* BaseVC.swift */; };
		4790948F2D23D406006D0164 /* BaseVC.swift in Sources */ = {isa = PBXBuildFile; fileRef = 4790948D2D23D406006D0164 /* BaseVC.swift */; };
		47C4E1AD2B35669D0088A1E1 /* FunctionPageVC.swift in Sources */ = {isa = PBXBuildFile; fileRef = 4738B0982B35659000D6BBEC /* FunctionPageVC.swift */; };
		47C9DE082AF0D335006F7CB8 /* AVFoundation.framework in Frameworks */ = {isa = PBXBuildFile; fileRef = 47C9DE072AF0D334006F7CB8 /* AVFoundation.framework */; };
		47C9DE0A2AF0D353006F7CB8 /* MediaPlayer.framework in Frameworks */ = {isa = PBXBuildFile; fileRef = 47C9DE092AF0D353006F7CB8 /* MediaPlayer.framework */; };
		47C9DE0C2AF0F7D4006F7CB8 /* TransferFileVC.swift in Sources */ = {isa = PBXBuildFile; fileRef = 47C9DE0B2AF0F7D4006F7CB8 /* TransferFileVC.swift */; };
		47D514B02B393BF300E0AC21 /* XYCentralManager.swift in Sources */ = {isa = PBXBuildFile; fileRef = 47D514AD2B393BF300E0AC21 /* XYCentralManager.swift */; };
		47D514B12B393BF300E0AC21 /* XYHelper.swift in Sources */ = {isa = PBXBuildFile; fileRef = 47D514AE2B393BF300E0AC21 /* XYHelper.swift */; };
		47D514B22B393BF300E0AC21 /* XYCBBase.swift in Sources */ = {isa = PBXBuildFile; fileRef = 47D514AF2B393BF300E0AC21 /* XYCBBase.swift */; };
		47D514B42B397D9200E0AC21 /* MainPageVC.swift in Sources */ = {isa = PBXBuildFile; fileRef = 47D514B32B397D9200E0AC21 /* MainPageVC.swift */; };
		47D514B62B397DA500E0AC21 /* MainPageVC.swift in Sources */ = {isa = PBXBuildFile; fileRef = 47D514B52B397DA500E0AC21 /* MainPageVC.swift */; };
		47D5822D2AE8ACA5007D9DCE /* AppDelegate.swift in Sources */ = {isa = PBXBuildFile; fileRef = 47D5822C2AE8ACA5007D9DCE /* AppDelegate.swift */; };
		47D582342AE8ACA5007D9DCE /* Main.storyboard in Resources */ = {isa = PBXBuildFile; fileRef = 47D582322AE8ACA5007D9DCE /* Main.storyboard */; };
		47D582362AE8ACA7007D9DCE /* Assets.xcassets in Resources */ = {isa = PBXBuildFile; fileRef = 47D582352AE8ACA7007D9DCE /* Assets.xcassets */; };
		47D582392AE8ACA7007D9DCE /* LaunchScreen.storyboard in Resources */ = {isa = PBXBuildFile; fileRef = 47D582372AE8ACA7007D9DCE /* LaunchScreen.storyboard */; };
		47D582462AE8B1E6007D9DCE /* AlexaPageVC.swift in Sources */ = {isa = PBXBuildFile; fileRef = 47D582422AE8B1E6007D9DCE /* AlexaPageVC.swift */; };
		47E5966A2B3C14C2001DC0B1 /* Lite-Info.plist in Resources */ = {isa = PBXBuildFile; fileRef = 47E596672B3C14C2001DC0B1 /* Lite-Info.plist */; };
		47E5966B2B3C14C2001DC0B1 /* Full-Info.plist in Resources */ = {isa = PBXBuildFile; fileRef = 47E596682B3C14C2001DC0B1 /* Full-Info.plist */; };
		47E95DC02B4D0210006C8B99 /* TestOC.m in Sources */ = {isa = PBXBuildFile; fileRef = 47E95DBF2B4D0210006C8B99 /* TestOC.m */; };
		47E95DC12B4D0210006C8B99 /* TestOC.m in Sources */ = {isa = PBXBuildFile; fileRef = 47E95DBF2B4D0210006C8B99 /* TestOC.m */; };
		47EAC8CD2B200CB000B88684 /* SportVC.swift in Sources */ = {isa = PBXBuildFile; fileRef = 47EAC8CC2B200CB000B88684 /* SportVC.swift */; };
		D51A7E2A2D8579C400744DB7 /* SportDualTableViewController.swift in Sources */ = {isa = PBXBuildFile; fileRef = D51A7E292D8579C400744DB7 /* SportDualTableViewController.swift */; };
		D51A7E2B2D8579C400744DB7 /* SportDualTableViewController.swift in Sources */ = {isa = PBXBuildFile; fileRef = D51A7E292D8579C400744DB7 /* SportDualTableViewController.swift */; };
		D53FF6E12D83D56500DD15B9 /* SportScreenEditVC.swift in Sources */ = {isa = PBXBuildFile; fileRef = D53FF6DF2D83D56500DD15B9 /* SportScreenEditVC.swift */; };
		D53FF6E22D83D56500DD15B9 /* SportListVC.swift in Sources */ = {isa = PBXBuildFile; fileRef = D53FF6DE2D83D56500DD15B9 /* SportListVC.swift */; };
		D53FF6E32D83D56500DD15B9 /* SportScreenEditVC.swift in Sources */ = {isa = PBXBuildFile; fileRef = D53FF6DF2D83D56500DD15B9 /* SportScreenEditVC.swift */; };
		D53FF6E42D83D56500DD15B9 /* SportListVC.swift in Sources */ = {isa = PBXBuildFile; fileRef = D53FF6DE2D83D56500DD15B9 /* SportListVC.swift */; };
		D53FF6E62D84036400DD15B9 /* SportScreenEditCell.swift in Sources */ = {isa = PBXBuildFile; fileRef = D53FF6E52D84036400DD15B9 /* SportScreenEditCell.swift */; };
		D53FF6E72D84036400DD15B9 /* SportScreenEditCell.swift in Sources */ = {isa = PBXBuildFile; fileRef = D53FF6E52D84036400DD15B9 /* SportScreenEditCell.swift */; };
		D59C4CFE2D89475800BDFBDE /* Constant.swift in Sources */ = {isa = PBXBuildFile; fileRef = D59C4CFD2D89475800BDFBDE /* Constant.swift */; };
		D59C4CFF2D89475800BDFBDE /* Constant.swift in Sources */ = {isa = PBXBuildFile; fileRef = D59C4CFD2D89475800BDFBDE /* Constant.swift */; };
/* End PBXBuildFile section */

/* Begin PBXFileReference section */
		024591B6639E7F4964371B87 /* Pods-IDODemoFull.debug.xcconfig */ = {isa = PBXFileReference; includeInIndex = 1; lastKnownFileType = text.xcconfig; name = "Pods-IDODemoFull.debug.xcconfig"; path = "Target Support Files/Pods-IDODemoFull/Pods-IDODemoFull.debug.xcconfig"; sourceTree = "<group>"; };
		470498D02AEA5D1900ADA589 /* GetFunctionVC.swift */ = {isa = PBXFileReference; lastKnownFileType = sourcecode.swift; path = GetFunctionVC.swift; sourceTree = "<group>"; };
		470498D22AEA5D4400ADA589 /* SetFunctionVC.swift */ = {isa = PBXFileReference; lastKnownFileType = sourcecode.swift; path = SetFunctionVC.swift; sourceTree = "<group>"; };
		470498D82AEA5F7300ADA589 /* Constants.swift */ = {isa = PBXFileReference; lastKnownFileType = sourcecode.swift; path = Constants.swift; sourceTree = "<group>"; };
		470498DA2AEA7FB300ADA589 /* SyncDataVC.swift */ = {isa = PBXFileReference; lastKnownFileType = sourcecode.swift; path = SyncDataVC.swift; sourceTree = "<group>"; };
		470498DD2AEA804500ADA589 /* Extensions.swift */ = {isa = PBXFileReference; lastKnownFileType = sourcecode.swift; path = Extensions.swift; sourceTree = "<group>"; };
		4724AEBF2D1F92B1005B6F71 /* LocationManager.swift */ = {isa = PBXFileReference; fileEncoding = 4; lastKnownFileType = sourcecode.swift; path = LocationManager.swift; sourceTree = "<group>"; };
		4724AEC22D1F9610005B6F71 /* MessageNoticeVC.swift */ = {isa = PBXFileReference; fileEncoding = 4; lastKnownFileType = sourcecode.swift; path = MessageNoticeVC.swift; sourceTree = "<group>"; };
		4724AF562D1F9788005B6F71 /* imgs */ = {isa = PBXFileReference; lastKnownFileType = folder; path = imgs; sourceTree = "<group>"; };
		4735BCD22C21336B006E26C9 /* files_trans */ = {isa = PBXFileReference; lastKnownFileType = folder; path = files_trans; sourceTree = "<group>"; };
		4738B08B2B3538EC00D6BBEC /* IDODemoLite.app */ = {isa = PBXFileReference; explicitFileType = wrapper.application; includeInIndex = 0; path = IDODemoLite.app; sourceTree = BUILT_PRODUCTS_DIR; };
		4738B0922B3545B200D6BBEC /* Bridge.swift */ = {isa = PBXFileReference; lastKnownFileType = sourcecode.swift; path = Bridge.swift; sourceTree = "<group>"; };
		4738B0942B3545C000D6BBEC /* Bridge.swift */ = {isa = PBXFileReference; lastKnownFileType = sourcecode.swift; path = Bridge.swift; sourceTree = "<group>"; };
		4738B0962B35658800D6BBEC /* FunctionPageVC.swift */ = {isa = PBXFileReference; fileEncoding = 4; lastKnownFileType = sourcecode.swift; path = FunctionPageVC.swift; sourceTree = "<group>"; };
		4738B0982B35659000D6BBEC /* FunctionPageVC.swift */ = {isa = PBXFileReference; fileEncoding = 4; lastKnownFileType = sourcecode.swift; path = FunctionPageVC.swift; sourceTree = "<group>"; };
		4762EA052C33EBC9000C1A0C /* TestBleChannelVC.swift */ = {isa = PBXFileReference; fileEncoding = 4; lastKnownFileType = sourcecode.swift; path = TestBleChannelVC.swift; sourceTree = "<group>"; };
		477303122CBA58E500F9609D /* EpoVC.swift */ = {isa = PBXFileReference; fileEncoding = 4; lastKnownFileType = sourcecode.swift; path = EpoVC.swift; sourceTree = "<group>"; };
		47744CE92D7E8799007048B7 /* DialZipParser.swift */ = {isa = PBXFileReference; fileEncoding = 4; lastKnownFileType = sourcecode.swift; path = DialZipParser.swift; sourceTree = "<group>"; };
		47744CEC2D7E891A007048B7 /* DialCustomizationView.swift */ = {isa = PBXFileReference; fileEncoding = 4; lastKnownFileType = sourcecode.swift; path = DialCustomizationView.swift; sourceTree = "<group>"; };
		4781FAD32C1067F400F9A007 /* WatchFaceVC.swift */ = {isa = PBXFileReference; fileEncoding = 4; lastKnownFileType = sourcecode.swift; path = WatchFaceVC.swift; sourceTree = "<group>"; };
		479094822D23CDB4006D0164 /* Strings.g.swift */ = {isa = PBXFileReference; fileEncoding = 4; lastKnownFileType = sourcecode.swift; name = Strings.g.swift; path = IDODemo/Common/Strings.g.swift; sourceTree = SOURCE_ROOT; };
		479094862D23CE5F006D0164 /* en */ = {isa = PBXFileReference; lastKnownFileType = text.plist.strings; name = en; path = en.lproj/Localizable.strings; sourceTree = "<group>"; };
		479094892D23CE78006D0164 /* zh-Hans */ = {isa = PBXFileReference; lastKnownFileType = text.plist.strings; name = "zh-Hans"; path = "zh-Hans.lproj/Localizable.strings"; sourceTree = "<group>"; };
		4790948A2D23D092006D0164 /* LanguageManager.swift */ = {isa = PBXFileReference; lastKnownFileType = sourcecode.swift; path = LanguageManager.swift; sourceTree = "<group>"; };
		4790948D2D23D406006D0164 /* BaseVC.swift */ = {isa = PBXFileReference; lastKnownFileType = sourcecode.swift; path = BaseVC.swift; sourceTree = "<group>"; };
		47C9DE072AF0D334006F7CB8 /* AVFoundation.framework */ = {isa = PBXFileReference; lastKnownFileType = wrapper.framework; name = AVFoundation.framework; path = System/Library/Frameworks/AVFoundation.framework; sourceTree = SDKROOT; };
		47C9DE092AF0D353006F7CB8 /* MediaPlayer.framework */ = {isa = PBXFileReference; lastKnownFileType = wrapper.framework; name = MediaPlayer.framework; path = System/Library/Frameworks/MediaPlayer.framework; sourceTree = SDKROOT; };
		47C9DE0B2AF0F7D4006F7CB8 /* TransferFileVC.swift */ = {isa = PBXFileReference; lastKnownFileType = sourcecode.swift; path = TransferFileVC.swift; sourceTree = "<group>"; };
		47D514AD2B393BF300E0AC21 /* XYCentralManager.swift */ = {isa = PBXFileReference; fileEncoding = 4; lastKnownFileType = sourcecode.swift; path = XYCentralManager.swift; sourceTree = "<group>"; };
		47D514AE2B393BF300E0AC21 /* XYHelper.swift */ = {isa = PBXFileReference; fileEncoding = 4; lastKnownFileType = sourcecode.swift; path = XYHelper.swift; sourceTree = "<group>"; };
		47D514AF2B393BF300E0AC21 /* XYCBBase.swift */ = {isa = PBXFileReference; fileEncoding = 4; lastKnownFileType = sourcecode.swift; path = XYCBBase.swift; sourceTree = "<group>"; };
		47D514B32B397D9200E0AC21 /* MainPageVC.swift */ = {isa = PBXFileReference; fileEncoding = 4; lastKnownFileType = sourcecode.swift; path = MainPageVC.swift; sourceTree = "<group>"; };
		47D514B52B397DA500E0AC21 /* MainPageVC.swift */ = {isa = PBXFileReference; fileEncoding = 4; lastKnownFileType = sourcecode.swift; path = MainPageVC.swift; sourceTree = "<group>"; };
		47D582292AE8ACA5007D9DCE /* IDODemoFull.app */ = {isa = PBXFileReference; explicitFileType = wrapper.application; includeInIndex = 0; path = IDODemoFull.app; sourceTree = BUILT_PRODUCTS_DIR; };
		47D5822C2AE8ACA5007D9DCE /* AppDelegate.swift */ = {isa = PBXFileReference; lastKnownFileType = sourcecode.swift; path = AppDelegate.swift; sourceTree = "<group>"; };
		47D582332AE8ACA5007D9DCE /* Base */ = {isa = PBXFileReference; lastKnownFileType = file.storyboard; name = Base; path = Base.lproj/Main.storyboard; sourceTree = "<group>"; };
		47D582352AE8ACA7007D9DCE /* Assets.xcassets */ = {isa = PBXFileReference; lastKnownFileType = folder.assetcatalog; path = Assets.xcassets; sourceTree = "<group>"; };
		47D582382AE8ACA7007D9DCE /* Base */ = {isa = PBXFileReference; lastKnownFileType = file.storyboard; name = Base; path = Base.lproj/LaunchScreen.storyboard; sourceTree = "<group>"; };
		47D582422AE8B1E6007D9DCE /* AlexaPageVC.swift */ = {isa = PBXFileReference; fileEncoding = 4; lastKnownFileType = sourcecode.swift; path = AlexaPageVC.swift; sourceTree = "<group>"; };
		47E596672B3C14C2001DC0B1 /* Lite-Info.plist */ = {isa = PBXFileReference; lastKnownFileType = text.plist; path = "Lite-Info.plist"; sourceTree = SOURCE_ROOT; };
		47E596682B3C14C2001DC0B1 /* Full-Info.plist */ = {isa = PBXFileReference; lastKnownFileType = text.plist; path = "Full-Info.plist"; sourceTree = SOURCE_ROOT; };
		47E95DBC2B4D020F006C8B99 /* IDODemoFull-Bridging-Header.h */ = {isa = PBXFileReference; lastKnownFileType = sourcecode.c.h; path = "IDODemoFull-Bridging-Header.h"; sourceTree = "<group>"; };
		47E95DBD2B4D020F006C8B99 /* IDODemoLite-Bridging-Header.h */ = {isa = PBXFileReference; lastKnownFileType = sourcecode.c.h; path = "IDODemoLite-Bridging-Header.h"; sourceTree = "<group>"; };
		47E95DBE2B4D0210006C8B99 /* TestOC.h */ = {isa = PBXFileReference; lastKnownFileType = sourcecode.c.h; path = TestOC.h; sourceTree = "<group>"; };
		47E95DBF2B4D0210006C8B99 /* TestOC.m */ = {isa = PBXFileReference; lastKnownFileType = sourcecode.c.objc; path = TestOC.m; sourceTree = "<group>"; };
		47EAC8CC2B200CB000B88684 /* SportVC.swift */ = {isa = PBXFileReference; fileEncoding = 4; lastKnownFileType = sourcecode.swift; path = SportVC.swift; sourceTree = "<group>"; };
		49D948B58E5F8714D96EECD0 /* Pods-IDODemoFull.release.xcconfig */ = {isa = PBXFileReference; includeInIndex = 1; lastKnownFileType = text.xcconfig; name = "Pods-IDODemoFull.release.xcconfig"; path = "Target Support Files/Pods-IDODemoFull/Pods-IDODemoFull.release.xcconfig"; sourceTree = "<group>"; };
		51C8315B65B293A4CC6E79F0 /* Pods_IDODemoFull.framework */ = {isa = PBXFileReference; explicitFileType = wrapper.framework; includeInIndex = 0; path = Pods_IDODemoFull.framework; sourceTree = BUILT_PRODUCTS_DIR; };
		87558940DE2CBB4F3955B51E /* Pods-IDODemoLite.release.xcconfig */ = {isa = PBXFileReference; includeInIndex = 1; lastKnownFileType = text.xcconfig; name = "Pods-IDODemoLite.release.xcconfig"; path = "Target Support Files/Pods-IDODemoLite/Pods-IDODemoLite.release.xcconfig"; sourceTree = "<group>"; };
		969D12A1781E483E32991970 /* Pods_IDODemoLite.framework */ = {isa = PBXFileReference; explicitFileType = wrapper.framework; includeInIndex = 0; path = Pods_IDODemoLite.framework; sourceTree = BUILT_PRODUCTS_DIR; };
		D51A7E292D8579C400744DB7 /* SportDualTableViewController.swift */ = {isa = PBXFileReference; lastKnownFileType = sourcecode.swift; path = SportDualTableViewController.swift; sourceTree = "<group>"; };
		D53FF6DE2D83D56500DD15B9 /* SportListVC.swift */ = {isa = PBXFileReference; lastKnownFileType = sourcecode.swift; path = SportListVC.swift; sourceTree = "<group>"; };
		D53FF6DF2D83D56500DD15B9 /* SportScreenEditVC.swift */ = {isa = PBXFileReference; lastKnownFileType = sourcecode.swift; path = SportScreenEditVC.swift; sourceTree = "<group>"; };
		D53FF6E52D84036400DD15B9 /* SportScreenEditCell.swift */ = {isa = PBXFileReference; lastKnownFileType = sourcecode.swift; path = SportScreenEditCell.swift; sourceTree = "<group>"; };
		D59C4CFD2D89475800BDFBDE /* Constant.swift */ = {isa = PBXFileReference; lastKnownFileType = sourcecode.swift; path = Constant.swift; sourceTree = "<group>"; };
		FAA3E91BE0109C91B5F31997 /* Pods-IDODemoLite.debug.xcconfig */ = {isa = PBXFileReference; includeInIndex = 1; lastKnownFileType = text.xcconfig; name = "Pods-IDODemoLite.debug.xcconfig"; path = "Target Support Files/Pods-IDODemoLite/Pods-IDODemoLite.debug.xcconfig"; sourceTree = "<group>"; };
/* End PBXFileReference section */

/* Begin PBXFrameworksBuildPhase section */
		4738B07E2B3538EC00D6BBEC /* Frameworks */ = {
			isa = PBXFrameworksBuildPhase;
			buildActionMask = 2147483647;
			files = (
				4738B07F2B3538EC00D6BBEC /* AVFoundation.framework in Frameworks */,
				4738B0802B3538EC00D6BBEC /* MediaPlayer.framework in Frameworks */,
				2FAE2F9FB6D537D45634CA98 /* Pods_IDODemoLite.framework in Frameworks */,
			);
			runOnlyForDeploymentPostprocessing = 0;
		};
		47D582262AE8ACA5007D9DCE /* Frameworks */ = {
			isa = PBXFrameworksBuildPhase;
			buildActionMask = 2147483647;
			files = (
				47C9DE082AF0D335006F7CB8 /* AVFoundation.framework in Frameworks */,
				47C9DE0A2AF0D353006F7CB8 /* MediaPlayer.framework in Frameworks */,
				3D5BF9382C84E646E9671AB6 /* Pods_IDODemoFull.framework in Frameworks */,
			);
			runOnlyForDeploymentPostprocessing = 0;
		};
/* End PBXFrameworksBuildPhase section */

/* Begin PBXGroup section */
		470498D72AEA5F4300ADA589 /* Common */ = {
			isa = PBXGroup;
			children = (
				47744CE92D7E8799007048B7 /* DialZipParser.swift */,
				D59C4CFD2D89475800BDFBDE /* Constant.swift */,
				479094822D23CDB4006D0164 /* Strings.g.swift */,
				4724AEBF2D1F92B1005B6F71 /* LocationManager.swift */,
				470498D82AEA5F7300ADA589 /* Constants.swift */,
				470498DD2AEA804500ADA589 /* Extensions.swift */,
				4790948A2D23D092006D0164 /* LanguageManager.swift */,
				4790948D2D23D406006D0164 /* BaseVC.swift */,
			);
			path = Common;
			sourceTree = "<group>";
		};
		4738B0902B3540F200D6BBEC /* Full */ = {
			isa = PBXGroup;
			children = (
				47D514B52B397DA500E0AC21 /* MainPageVC.swift */,
				4738B0922B3545B200D6BBEC /* Bridge.swift */,
				4738B0982B35659000D6BBEC /* FunctionPageVC.swift */,
			);
			path = Full;
			sourceTree = "<group>";
		};
		4738B0912B3540FD00D6BBEC /* Lite */ = {
			isa = PBXGroup;
			children = (
				47D514AC2B393BF300E0AC21 /* BluetoothFramework */,
				47D514B32B397D9200E0AC21 /* MainPageVC.swift */,
				4738B0942B3545C000D6BBEC /* Bridge.swift */,
				4738B0962B35658800D6BBEC /* FunctionPageVC.swift */,
			);
			path = Lite;
			sourceTree = "<group>";
		};
		47D514AC2B393BF300E0AC21 /* BluetoothFramework */ = {
			isa = PBXGroup;
			children = (
				47D514AD2B393BF300E0AC21 /* XYCentralManager.swift */,
				47D514AE2B393BF300E0AC21 /* XYHelper.swift */,
				47D514AF2B393BF300E0AC21 /* XYCBBase.swift */,
			);
			path = BluetoothFramework;
			sourceTree = "<group>";
		};
		47D582202AE8ACA5007D9DCE = {
			isa = PBXGroup;
			children = (
				47D5822B2AE8ACA5007D9DCE /* IDODemo */,
				47D5822A2AE8ACA5007D9DCE /* Products */,
				4A23F317D9DBFB651B6E832B /* Pods */,
				4AD8A9CA4A0CA2E3CD44B011 /* Frameworks */,
			);
			sourceTree = "<group>";
		};
		47D5822A2AE8ACA5007D9DCE /* Products */ = {
			isa = PBXGroup;
			children = (
				47D582292AE8ACA5007D9DCE /* IDODemoFull.app */,
				4738B08B2B3538EC00D6BBEC /* IDODemoLite.app */,
			);
			name = Products;
			sourceTree = "<group>";
		};
		47D5822B2AE8ACA5007D9DCE /* IDODemo */ = {
			isa = PBXGroup;
			children = (
				47D5822C2AE8ACA5007D9DCE /* AppDelegate.swift */,
				4738B0912B3540FD00D6BBEC /* Lite */,
				4738B0902B3540F200D6BBEC /* Full */,
				470498D72AEA5F4300ADA589 /* Common */,
				47D582412AE8B1E6007D9DCE /* Page */,
				47D582482AE8B21E007D9DCE /* Resources */,
				47E95DBE2B4D0210006C8B99 /* TestOC.h */,
				47E95DBF2B4D0210006C8B99 /* TestOC.m */,
				47E95DBC2B4D020F006C8B99 /* IDODemoFull-Bridging-Header.h */,
				47E95DBD2B4D020F006C8B99 /* IDODemoLite-Bridging-Header.h */,
			);
			path = IDODemo;
			sourceTree = "<group>";
		};
		47D582412AE8B1E6007D9DCE /* Page */ = {
			isa = PBXGroup;
			children = (
				D53FF6E02D83D56500DD15B9 /* EditSportScreen */,
				477303122CBA58E500F9609D /* EpoVC.swift */,
				47D582422AE8B1E6007D9DCE /* AlexaPageVC.swift */,
				470498D02AEA5D1900ADA589 /* GetFunctionVC.swift */,
				470498D22AEA5D4400ADA589 /* SetFunctionVC.swift */,
				470498DA2AEA7FB300ADA589 /* SyncDataVC.swift */,
				47C9DE0B2AF0F7D4006F7CB8 /* TransferFileVC.swift */,
				4781FAD32C1067F400F9A007 /* WatchFaceVC.swift */,
				4724AEC22D1F9610005B6F71 /* MessageNoticeVC.swift */,
				47EAC8CC2B200CB000B88684 /* SportVC.swift */,
				47744CEC2D7E891A007048B7 /* DialCustomizationView.swift */,
				4762EA052C33EBC9000C1A0C /* TestBleChannelVC.swift */,
			);
			path = Page;
			sourceTree = "<group>";
		};
		47D582482AE8B21E007D9DCE /* Resources */ = {
			isa = PBXGroup;
			children = (
				4724AF562D1F9788005B6F71 /* imgs */,
				4735BCD22C21336B006E26C9 /* files_trans */,
				47E596682B3C14C2001DC0B1 /* Full-Info.plist */,
				47E596672B3C14C2001DC0B1 /* Lite-Info.plist */,
				47D582322AE8ACA5007D9DCE /* Main.storyboard */,
				47D582352AE8ACA7007D9DCE /* Assets.xcassets */,
				47D582372AE8ACA7007D9DCE /* LaunchScreen.storyboard */,
				479094852D23CE5F006D0164 /* Localizable.strings */,
			);
			path = Resources;
			sourceTree = "<group>";
		};
		4A23F317D9DBFB651B6E832B /* Pods */ = {
			isa = PBXGroup;
			children = (
				024591B6639E7F4964371B87 /* Pods-IDODemoFull.debug.xcconfig */,
				49D948B58E5F8714D96EECD0 /* Pods-IDODemoFull.release.xcconfig */,
				FAA3E91BE0109C91B5F31997 /* Pods-IDODemoLite.debug.xcconfig */,
				87558940DE2CBB4F3955B51E /* Pods-IDODemoLite.release.xcconfig */,
			);
			path = Pods;
			sourceTree = "<group>";
		};
		4AD8A9CA4A0CA2E3CD44B011 /* Frameworks */ = {
			isa = PBXGroup;
			children = (
				47C9DE092AF0D353006F7CB8 /* MediaPlayer.framework */,
				47C9DE072AF0D334006F7CB8 /* AVFoundation.framework */,
				51C8315B65B293A4CC6E79F0 /* Pods_IDODemoFull.framework */,
				969D12A1781E483E32991970 /* Pods_IDODemoLite.framework */,
			);
			name = Frameworks;
			sourceTree = "<group>";
		};
		D53FF6E02D83D56500DD15B9 /* EditSportScreen */ = {
			isa = PBXGroup;
			children = (
				D53FF6DE2D83D56500DD15B9 /* SportListVC.swift */,
				D53FF6DF2D83D56500DD15B9 /* SportScreenEditVC.swift */,
				D51A7E292D8579C400744DB7 /* SportDualTableViewController.swift */,
				D53FF6E52D84036400DD15B9 /* SportScreenEditCell.swift */,
			);
			path = EditSportScreen;
			sourceTree = "<group>";
		};
/* End PBXGroup section */

/* Begin PBXNativeTarget section */
		4738B0702B3538EC00D6BBEC /* IDODemoLite */ = {
			isa = PBXNativeTarget;
			buildConfigurationList = 4738B0882B3538EC00D6BBEC /* Build configuration list for PBXNativeTarget "IDODemoLite" */;
			buildPhases = (
				E465F197CBB454EF21474C68 /* [CP] Check Pods Manifest.lock */,
				4738B0722B3538EC00D6BBEC /* Sources */,
				4738B07E2B3538EC00D6BBEC /* Frameworks */,
				4738B0822B3538EC00D6BBEC /* Resources */,
				C8AA584359BA0DE9A0539805 /* [CP] Embed Pods Frameworks */,
				CDB1D74BE20E6166BA65B2E9 /* [CP] Copy Pods Resources */,
			);
			buildRules = (
			);
			dependencies = (
			);
			name = IDODemoLite;
			productName = IDODemo;
			productReference = 4738B08B2B3538EC00D6BBEC /* IDODemoLite.app */;
			productType = "com.apple.product-type.application";
		};
		47D582282AE8ACA5007D9DCE /* IDODemoFull */ = {
			isa = PBXNativeTarget;
			buildConfigurationList = 47D5823D2AE8ACA7007D9DCE /* Build configuration list for PBXNativeTarget "IDODemoFull" */;
			buildPhases = (
				BABAE59B7D9A0D7183D0D4B8 /* [CP] Check Pods Manifest.lock */,
				47D582252AE8ACA5007D9DCE /* Sources */,
				47D582262AE8ACA5007D9DCE /* Frameworks */,
				47D582272AE8ACA5007D9DCE /* Resources */,
				7544B408A0D8E18BA74ADEAD /* [CP] Embed Pods Frameworks */,
				1007F8D19286777BE268BB6F /* [CP] Copy Pods Resources */,
			);
			buildRules = (
			);
			dependencies = (
			);
			name = IDODemoFull;
			productName = IDODemo;
			productReference = 47D582292AE8ACA5007D9DCE /* IDODemoFull.app */;
			productType = "com.apple.product-type.application";
		};
/* End PBXNativeTarget section */

/* Begin PBXProject section */
		47D582212AE8ACA5007D9DCE /* Project object */ = {
			isa = PBXProject;
			attributes = {
				BuildIndependentTargetsInParallel = 1;
				LastSwiftUpdateCheck = 1420;
				LastUpgradeCheck = 1420;
				TargetAttributes = {
					4738B0702B3538EC00D6BBEC = {
						LastSwiftMigration = 1420;
					};
					47D582282AE8ACA5007D9DCE = {
						CreatedOnToolsVersion = 14.2;
						LastSwiftMigration = 1420;
					};
				};
			};
			buildConfigurationList = 47D582242AE8ACA5007D9DCE /* Build configuration list for PBXProject "IDODemo" */;
			compatibilityVersion = "Xcode 14.0";
			developmentRegion = en;
			hasScannedForEncodings = 0;
			knownRegions = (
				en,
				Base,
				"zh-Hans",
			);
			mainGroup = 47D582202AE8ACA5007D9DCE;
			productRefGroup = 47D5822A2AE8ACA5007D9DCE /* Products */;
			projectDirPath = "";
			projectRoot = "";
			targets = (
				47D582282AE8ACA5007D9DCE /* IDODemoFull */,
				4738B0702B3538EC00D6BBEC /* IDODemoLite */,
			);
		};
/* End PBXProject section */

/* Begin PBXResourcesBuildPhase section */
		4738B0822B3538EC00D6BBEC /* Resources */ = {
			isa = PBXResourcesBuildPhase;
			buildActionMask = 2147483647;
			files = (
				4738B0832B3538EC00D6BBEC /* LaunchScreen.storyboard in Resources */,
				4738B0852B3538EC00D6BBEC /* Assets.xcassets in Resources */,
				4724AF582D1F9788005B6F71 /* imgs in Resources */,
				479094882D23CE5F006D0164 /* Localizable.strings in Resources */,
				47E5966A2B3C14C2001DC0B1 /* Lite-Info.plist in Resources */,
				4738B0862B3538EC00D6BBEC /* Main.storyboard in Resources */,
				4735BCD42C21336B006E26C9 /* files_trans in Resources */,
			);
			runOnlyForDeploymentPostprocessing = 0;
		};
		47D582272AE8ACA5007D9DCE /* Resources */ = {
			isa = PBXResourcesBuildPhase;
			buildActionMask = 2147483647;
			files = (
				47D582392AE8ACA7007D9DCE /* LaunchScreen.storyboard in Resources */,
				47D582362AE8ACA7007D9DCE /* Assets.xcassets in Resources */,
				4724AF572D1F9788005B6F71 /* imgs in Resources */,
				479094872D23CE5F006D0164 /* Localizable.strings in Resources */,
				47D582342AE8ACA5007D9DCE /* Main.storyboard in Resources */,
				47E5966B2B3C14C2001DC0B1 /* Full-Info.plist in Resources */,
				4735BCD32C21336B006E26C9 /* files_trans in Resources */,
			);
			runOnlyForDeploymentPostprocessing = 0;
		};
/* End PBXResourcesBuildPhase section */

/* Begin PBXShellScriptBuildPhase section */
		1007F8D19286777BE268BB6F /* [CP] Copy Pods Resources */ = {
			isa = PBXShellScriptBuildPhase;
			buildActionMask = 2147483647;
			files = (
			);
			inputFileListPaths = (
				"${PODS_ROOT}/Target Support Files/Pods-IDODemoFull/Pods-IDODemoFull-resources-${CONFIGURATION}-input-files.xcfilelist",
			);
			name = "[CP] Copy Pods Resources";
			outputFileListPaths = (
				"${PODS_ROOT}/Target Support Files/Pods-IDODemoFull/Pods-IDODemoFull-resources-${CONFIGURATION}-output-files.xcfilelist",
			);
			runOnlyForDeploymentPostprocessing = 0;
			shellPath = /bin/sh;
			shellScript = "\"${PODS_ROOT}/Target Support Files/Pods-IDODemoFull/Pods-IDODemoFull-resources.sh\"\n";
			showEnvVarsInLog = 0;
		};
		7544B408A0D8E18BA74ADEAD /* [CP] Embed Pods Frameworks */ = {
			isa = PBXShellScriptBuildPhase;
			buildActionMask = 2147483647;
			files = (
			);
			inputFileListPaths = (
				"${PODS_ROOT}/Target Support Files/Pods-IDODemoFull/Pods-IDODemoFull-frameworks-${CONFIGURATION}-input-files.xcfilelist",
			);
			name = "[CP] Embed Pods Frameworks";
			outputFileListPaths = (
				"${PODS_ROOT}/Target Support Files/Pods-IDODemoFull/Pods-IDODemoFull-frameworks-${CONFIGURATION}-output-files.xcfilelist",
			);
			runOnlyForDeploymentPostprocessing = 0;
			shellPath = /bin/sh;
			shellScript = "\"${PODS_ROOT}/Target Support Files/Pods-IDODemoFull/Pods-IDODemoFull-frameworks.sh\"\n";
			showEnvVarsInLog = 0;
		};
		BABAE59B7D9A0D7183D0D4B8 /* [CP] Check Pods Manifest.lock */ = {
			isa = PBXShellScriptBuildPhase;
			buildActionMask = 2147483647;
			files = (
			);
			inputFileListPaths = (
			);
			inputPaths = (
				"${PODS_PODFILE_DIR_PATH}/Podfile.lock",
				"${PODS_ROOT}/Manifest.lock",
			);
			name = "[CP] Check Pods Manifest.lock";
			outputFileListPaths = (
			);
			outputPaths = (
				"$(DERIVED_FILE_DIR)/Pods-IDODemoFull-checkManifestLockResult.txt",
			);
			runOnlyForDeploymentPostprocessing = 0;
			shellPath = /bin/sh;
			shellScript = "diff \"${PODS_PODFILE_DIR_PATH}/Podfile.lock\" \"${PODS_ROOT}/Manifest.lock\" > /dev/null\nif [ $? != 0 ] ; then\n    # print error to STDERR\n    echo \"error: The sandbox is not in sync with the Podfile.lock. Run 'pod install' or update your CocoaPods installation.\" >&2\n    exit 1\nfi\n# This output is used by Xcode 'outputs' to avoid re-running this script phase.\necho \"SUCCESS\" > \"${SCRIPT_OUTPUT_FILE_0}\"\n";
			showEnvVarsInLog = 0;
		};
		C8AA584359BA0DE9A0539805 /* [CP] Embed Pods Frameworks */ = {
			isa = PBXShellScriptBuildPhase;
			buildActionMask = 2147483647;
			files = (
			);
			inputFileListPaths = (
				"${PODS_ROOT}/Target Support Files/Pods-IDODemoLite/Pods-IDODemoLite-frameworks-${CONFIGURATION}-input-files.xcfilelist",
			);
			name = "[CP] Embed Pods Frameworks";
			outputFileListPaths = (
				"${PODS_ROOT}/Target Support Files/Pods-IDODemoLite/Pods-IDODemoLite-frameworks-${CONFIGURATION}-output-files.xcfilelist",
			);
			runOnlyForDeploymentPostprocessing = 0;
			shellPath = /bin/sh;
			shellScript = "\"${PODS_ROOT}/Target Support Files/Pods-IDODemoLite/Pods-IDODemoLite-frameworks.sh\"\n";
			showEnvVarsInLog = 0;
		};
		CDB1D74BE20E6166BA65B2E9 /* [CP] Copy Pods Resources */ = {
			isa = PBXShellScriptBuildPhase;
			buildActionMask = 2147483647;
			files = (
			);
			inputFileListPaths = (
				"${PODS_ROOT}/Target Support Files/Pods-IDODemoLite/Pods-IDODemoLite-resources-${CONFIGURATION}-input-files.xcfilelist",
			);
			name = "[CP] Copy Pods Resources";
			outputFileListPaths = (
				"${PODS_ROOT}/Target Support Files/Pods-IDODemoLite/Pods-IDODemoLite-resources-${CONFIGURATION}-output-files.xcfilelist",
			);
			runOnlyForDeploymentPostprocessing = 0;
			shellPath = /bin/sh;
			shellScript = "\"${PODS_ROOT}/Target Support Files/Pods-IDODemoLite/Pods-IDODemoLite-resources.sh\"\n";
			showEnvVarsInLog = 0;
		};
		E465F197CBB454EF21474C68 /* [CP] Check Pods Manifest.lock */ = {
			isa = PBXShellScriptBuildPhase;
			buildActionMask = 2147483647;
			files = (
			);
			inputFileListPaths = (
			);
			inputPaths = (
				"${PODS_PODFILE_DIR_PATH}/Podfile.lock",
				"${PODS_ROOT}/Manifest.lock",
			);
			name = "[CP] Check Pods Manifest.lock";
			outputFileListPaths = (
			);
			outputPaths = (
				"$(DERIVED_FILE_DIR)/Pods-IDODemoLite-checkManifestLockResult.txt",
			);
			runOnlyForDeploymentPostprocessing = 0;
			shellPath = /bin/sh;
			shellScript = "diff \"${PODS_PODFILE_DIR_PATH}/Podfile.lock\" \"${PODS_ROOT}/Manifest.lock\" > /dev/null\nif [ $? != 0 ] ; then\n    # print error to STDERR\n    echo \"error: The sandbox is not in sync with the Podfile.lock. Run 'pod install' or update your CocoaPods installation.\" >&2\n    exit 1\nfi\n# This output is used by Xcode 'outputs' to avoid re-running this script phase.\necho \"SUCCESS\" > \"${SCRIPT_OUTPUT_FILE_0}\"\n";
			showEnvVarsInLog = 0;
		};
/* End PBXShellScriptBuildPhase section */

/* Begin PBXSourcesBuildPhase section */
		4738B0722B3538EC00D6BBEC /* Sources */ = {
			isa = PBXSourcesBuildPhase;
			buildActionMask = 2147483647;
			files = (
				D51A7E2B2D8579C400744DB7 /* SportDualTableViewController.swift in Sources */,
				4738B0742B3538EC00D6BBEC /* SetFunctionVC.swift in Sources */,
				4738B0752B3538EC00D6BBEC /* SyncDataVC.swift in Sources */,
				4762EA072C33EBC9000C1A0C /* TestBleChannelVC.swift in Sources */,
				4738B0772B3538EC00D6BBEC /* AlexaPageVC.swift in Sources */,
				4738B0782B3538EC00D6BBEC /* Extensions.swift in Sources */,
				4738B0792B3538EC00D6BBEC /* GetFunctionVC.swift in Sources */,
				47E95DC12B4D0210006C8B99 /* TestOC.m in Sources */,
				D59C4CFF2D89475800BDFBDE /* Constant.swift in Sources */,
				47D514B22B393BF300E0AC21 /* XYCBBase.swift in Sources */,
				47D514B42B397D9200E0AC21 /* MainPageVC.swift in Sources */,
				4790948C2D23D092006D0164 /* LanguageManager.swift in Sources */,
				47744CEB2D7E8799007048B7 /* DialZipParser.swift in Sources */,
				4781FAD52C1067F400F9A007 /* WatchFaceVC.swift in Sources */,
				4738B07A2B3538EC00D6BBEC /* AppDelegate.swift in Sources */,
				47D514B02B393BF300E0AC21 /* XYCentralManager.swift in Sources */,
				47744CEE2D7E891A007048B7 /* DialCustomizationView.swift in Sources */,
				4724AEC12D1F92B1005B6F71 /* LocationManager.swift in Sources */,
				4738B0972B35658800D6BBEC /* FunctionPageVC.swift in Sources */,
				4738B0952B3545C000D6BBEC /* Bridge.swift in Sources */,
				47D514B12B393BF300E0AC21 /* XYHelper.swift in Sources */,
				4738B07B2B3538EC00D6BBEC /* SportVC.swift in Sources */,
				4724AEC42D1F9610005B6F71 /* MessageNoticeVC.swift in Sources */,
				4790948F2D23D406006D0164 /* BaseVC.swift in Sources */,
				4738B07C2B3538EC00D6BBEC /* TransferFileVC.swift in Sources */,
				479094842D23CDB4006D0164 /* Strings.g.swift in Sources */,
				4738B07D2B3538EC00D6BBEC /* Constants.swift in Sources */,
				D53FF6E72D84036400DD15B9 /* SportScreenEditCell.swift in Sources */,
				D53FF6E32D83D56500DD15B9 /* SportScreenEditVC.swift in Sources */,
				D53FF6E42D83D56500DD15B9 /* SportListVC.swift in Sources */,
				477303142CBA58E500F9609D /* EpoVC.swift in Sources */,
			);
			runOnlyForDeploymentPostprocessing = 0;
		};
		47D582252AE8ACA5007D9DCE /* Sources */ = {
			isa = PBXSourcesBuildPhase;
			buildActionMask = 2147483647;
			files = (
				47744CEA2D7E8799007048B7 /* DialZipParser.swift in Sources */,
				470498D32AEA5D4400ADA589 /* SetFunctionVC.swift in Sources */,
				4724AEC02D1F92B1005B6F71 /* LocationManager.swift in Sources */,
				470498DB2AEA7FB300ADA589 /* SyncDataVC.swift in Sources */,
				4762EA062C33EBC9000C1A0C /* TestBleChannelVC.swift in Sources */,
				477303132CBA58E500F9609D /* EpoVC.swift in Sources */,
				47D582462AE8B1E6007D9DCE /* AlexaPageVC.swift in Sources */,
				4781FAD42C1067F400F9A007 /* WatchFaceVC.swift in Sources */,
				470498DE2AEA804500ADA589 /* Extensions.swift in Sources */,
				D59C4CFE2D89475800BDFBDE /* Constant.swift in Sources */,
				47744CED2D7E891A007048B7 /* DialCustomizationView.swift in Sources */,
				D53FF6E62D84036400DD15B9 /* SportScreenEditCell.swift in Sources */,
				D53FF6E12D83D56500DD15B9 /* SportScreenEditVC.swift in Sources */,
				D53FF6E22D83D56500DD15B9 /* SportListVC.swift in Sources */,
				4724AEC32D1F9610005B6F71 /* MessageNoticeVC.swift in Sources */,
				47E95DC02B4D0210006C8B99 /* TestOC.m in Sources */,
				470498D12AEA5D1900ADA589 /* GetFunctionVC.swift in Sources */,
				47D5822D2AE8ACA5007D9DCE /* AppDelegate.swift in Sources */,
				479094832D23CDB4006D0164 /* Strings.g.swift in Sources */,
				47D514B62B397DA500E0AC21 /* MainPageVC.swift in Sources */,
				47C4E1AD2B35669D0088A1E1 /* FunctionPageVC.swift in Sources */,
				4738B0932B3545B200D6BBEC /* Bridge.swift in Sources */,
				D51A7E2A2D8579C400744DB7 /* SportDualTableViewController.swift in Sources */,
				47EAC8CD2B200CB000B88684 /* SportVC.swift in Sources */,
				47C9DE0C2AF0F7D4006F7CB8 /* TransferFileVC.swift in Sources */,
				470498D92AEA5F7300ADA589 /* Constants.swift in Sources */,
				4790948E2D23D406006D0164 /* BaseVC.swift in Sources */,
				4790948B2D23D092006D0164 /* LanguageManager.swift in Sources */,
			);
			runOnlyForDeploymentPostprocessing = 0;
		};
/* End PBXSourcesBuildPhase section */

/* Begin PBXVariantGroup section */
		479094852D23CE5F006D0164 /* Localizable.strings */ = {
			isa = PBXVariantGroup;
			children = (
				479094862D23CE5F006D0164 /* en */,
				479094892D23CE78006D0164 /* zh-Hans */,
			);
			name = Localizable.strings;
			sourceTree = "<group>";
		};
		47D582322AE8ACA5007D9DCE /* Main.storyboard */ = {
			isa = PBXVariantGroup;
			children = (
				47D582332AE8ACA5007D9DCE /* Base */,
			);
			name = Main.storyboard;
			sourceTree = "<group>";
		};
		47D582372AE8ACA7007D9DCE /* LaunchScreen.storyboard */ = {
			isa = PBXVariantGroup;
			children = (
				47D582382AE8ACA7007D9DCE /* Base */,
			);
			name = LaunchScreen.storyboard;
			sourceTree = "<group>";
		};
/* End PBXVariantGroup section */

/* Begin XCBuildConfiguration section */
		4738B0892B3538EC00D6BBEC /* Debug */ = {
			isa = XCBuildConfiguration;
			baseConfigurationReference = FAA3E91BE0109C91B5F31997 /* Pods-IDODemoLite.debug.xcconfig */;
			buildSettings = {
				ASSETCATALOG_COMPILER_APPICON_NAME = AppIcon;
				ASSETCATALOG_COMPILER_GLOBAL_ACCENT_COLOR_NAME = AccentColor;
				CLANG_ENABLE_MODULES = YES;
				"CODE_SIGN_IDENTITY[sdk=iphoneos*]" = "iPhone Developer";
				CODE_SIGN_STYLE = Manual;
				CURRENT_PROJECT_VERSION = 1;
				DEVELOPMENT_TEAM = "";
				"DEVELOPMENT_TEAM[sdk=iphoneos*]" = U9X35LMN5B;
				GENERATE_INFOPLIST_FILE = YES;
				INFOPLIST_FILE = "Lite-Info.plist";
				INFOPLIST_KEY_CFBundleDisplayName = "Demo Lite";
				INFOPLIST_KEY_NSBluetoothAlwaysUsageDescription = "We need to exchange data with the bracelet via bluetooth.";
				INFOPLIST_KEY_NSBluetoothPeripheralUsageDescription = "We need to exchange data with the bracelet via bluetooth.";
				INFOPLIST_KEY_NSLocationAlwaysAndWhenInUseUsageDescription = "We need your location to track the cycling route.";
				INFOPLIST_KEY_NSLocationAlwaysUsageDescription = "We need your location to track the cycling route.";
				INFOPLIST_KEY_NSLocationWhenInUseUsageDescription = "We need your location to track the cycling route.";
				INFOPLIST_KEY_NSMicrophoneUsageDescription = "Need to get phone volume";
				INFOPLIST_KEY_UIApplicationSupportsIndirectInputEvents = YES;
				INFOPLIST_KEY_UILaunchStoryboardName = LaunchScreen.storyboard;
				INFOPLIST_KEY_UIMainStoryboardFile = Main;
				INFOPLIST_KEY_UISupportedInterfaceOrientations = UIInterfaceOrientationPortrait;
				INFOPLIST_KEY_UISupportedInterfaceOrientations_iPad = "UIInterfaceOrientationLandscapeLeft UIInterfaceOrientationLandscapeRight";
				IPHONEOS_DEPLOYMENT_TARGET = 14.0;
				LD_RUNPATH_SEARCH_PATHS = (
					"$(inherited)",
					"@executable_path/Frameworks",
				);
				MARKETING_VERSION = 1.0;
				PRODUCT_BUNDLE_IDENTIFIER = "com.idoosdk.demo-lite";
				PRODUCT_NAME = "$(TARGET_NAME)";
				PROVISIONING_PROFILE_SPECIFIER = "";
				"PROVISIONING_PROFILE_SPECIFIER[sdk=iphoneos*]" = idoo_team;
				SUPPORTED_PLATFORMS = "iphoneos iphonesimulator";
				SUPPORTS_MACCATALYST = NO;
				SUPPORTS_MAC_DESIGNED_FOR_IPHONE_IPAD = NO;
				SWIFT_EMIT_LOC_STRINGS = YES;
				SWIFT_OBJC_BRIDGING_HEADER = "IDODemo/IDODemoLite-Bridging-Header.h";
				SWIFT_OPTIMIZATION_LEVEL = "-Onone";
				SWIFT_VERSION = 5.0;
				TARGETED_DEVICE_FAMILY = 1;
			};
			name = Debug;
		};
		4738B08A2B3538EC00D6BBEC /* Release */ = {
			isa = XCBuildConfiguration;
			baseConfigurationReference = 87558940DE2CBB4F3955B51E /* Pods-IDODemoLite.release.xcconfig */;
			buildSettings = {
				ASSETCATALOG_COMPILER_APPICON_NAME = AppIcon;
				ASSETCATALOG_COMPILER_GLOBAL_ACCENT_COLOR_NAME = AccentColor;
				CLANG_ENABLE_MODULES = YES;
				"CODE_SIGN_IDENTITY[sdk=iphoneos*]" = "iPhone Developer";
				CODE_SIGN_STYLE = Manual;
				CURRENT_PROJECT_VERSION = 1;
				DEVELOPMENT_TEAM = "";
				"DEVELOPMENT_TEAM[sdk=iphoneos*]" = U9X35LMN5B;
				GENERATE_INFOPLIST_FILE = YES;
				INFOPLIST_FILE = "Lite-Info.plist";
				INFOPLIST_KEY_CFBundleDisplayName = "Demo Lite";
				INFOPLIST_KEY_NSBluetoothAlwaysUsageDescription = "We need to exchange data with the bracelet via bluetooth.";
				INFOPLIST_KEY_NSBluetoothPeripheralUsageDescription = "We need to exchange data with the bracelet via bluetooth.";
				INFOPLIST_KEY_NSLocationAlwaysAndWhenInUseUsageDescription = "We need your location to track the cycling route.";
				INFOPLIST_KEY_NSLocationAlwaysUsageDescription = "We need your location to track the cycling route.";
				INFOPLIST_KEY_NSLocationWhenInUseUsageDescription = "We need your location to track the cycling route.";
				INFOPLIST_KEY_NSMicrophoneUsageDescription = "Need to get phone volume";
				INFOPLIST_KEY_UIApplicationSupportsIndirectInputEvents = YES;
				INFOPLIST_KEY_UILaunchStoryboardName = LaunchScreen.storyboard;
				INFOPLIST_KEY_UIMainStoryboardFile = Main;
				INFOPLIST_KEY_UISupportedInterfaceOrientations = UIInterfaceOrientationPortrait;
				INFOPLIST_KEY_UISupportedInterfaceOrientations_iPad = "UIInterfaceOrientationLandscapeLeft UIInterfaceOrientationLandscapeRight";
				IPHONEOS_DEPLOYMENT_TARGET = 14.0;
				LD_RUNPATH_SEARCH_PATHS = (
					"$(inherited)",
					"@executable_path/Frameworks",
				);
				MARKETING_VERSION = 1.0;
				PRODUCT_BUNDLE_IDENTIFIER = "com.idoosdk.demo-lite";
				PRODUCT_NAME = "$(TARGET_NAME)";
				PROVISIONING_PROFILE_SPECIFIER = "";
				"PROVISIONING_PROFILE_SPECIFIER[sdk=iphoneos*]" = idoo_team;
				SUPPORTED_PLATFORMS = "iphoneos iphonesimulator";
				SUPPORTS_MACCATALYST = NO;
				SUPPORTS_MAC_DESIGNED_FOR_IPHONE_IPAD = NO;
				SWIFT_EMIT_LOC_STRINGS = YES;
				SWIFT_OBJC_BRIDGING_HEADER = "IDODemo/IDODemoLite-Bridging-Header.h";
				SWIFT_VERSION = 5.0;
				TARGETED_DEVICE_FAMILY = 1;
			};
			name = Release;
		};
		47D5823B2AE8ACA7007D9DCE /* Debug */ = {
			isa = XCBuildConfiguration;
			buildSettings = {
				ALWAYS_SEARCH_USER_PATHS = NO;
				CLANG_ANALYZER_LOCALIZABILITY_NONLOCALIZED = YES;
				CLANG_ANALYZER_NONNULL = YES;
				CLANG_ANALYZER_NUMBER_OBJECT_CONVERSION = YES_AGGRESSIVE;
				CLANG_CXX_LANGUAGE_STANDARD = "gnu++20";
				CLANG_ENABLE_MODULES = YES;
				CLANG_ENABLE_OBJC_ARC = YES;
				CLANG_ENABLE_OBJC_WEAK = YES;
				CLANG_WARN_BLOCK_CAPTURE_AUTORELEASING = YES;
				CLANG_WARN_BOOL_CONVERSION = YES;
				CLANG_WARN_COMMA = YES;
				CLANG_WARN_CONSTANT_CONVERSION = YES;
				CLANG_WARN_DEPRECATED_OBJC_IMPLEMENTATIONS = YES;
				CLANG_WARN_DIRECT_OBJC_ISA_USAGE = YES_ERROR;
				CLANG_WARN_DOCUMENTATION_COMMENTS = YES;
				CLANG_WARN_EMPTY_BODY = YES;
				CLANG_WARN_ENUM_CONVERSION = YES;
				CLANG_WARN_INFINITE_RECURSION = YES;
				CLANG_WARN_INT_CONVERSION = YES;
				CLANG_WARN_NON_LITERAL_NULL_CONVERSION = YES;
				CLANG_WARN_OBJC_IMPLICIT_RETAIN_SELF = YES;
				CLANG_WARN_OBJC_LITERAL_CONVERSION = YES;
				CLANG_WARN_OBJC_ROOT_CLASS = YES_ERROR;
				CLANG_WARN_QUOTED_INCLUDE_IN_FRAMEWORK_HEADER = YES;
				CLANG_WARN_RANGE_LOOP_ANALYSIS = YES;
				CLANG_WARN_STRICT_PROTOTYPES = YES;
				CLANG_WARN_SUSPICIOUS_MOVE = YES;
				CLANG_WARN_UNGUARDED_AVAILABILITY = YES_AGGRESSIVE;
				CLANG_WARN_UNREACHABLE_CODE = YES;
				CLANG_WARN__DUPLICATE_METHOD_MATCH = YES;
				COPY_PHASE_STRIP = NO;
				DEBUG_INFORMATION_FORMAT = dwarf;
				ENABLE_STRICT_OBJC_MSGSEND = YES;
				ENABLE_TESTABILITY = YES;
				GCC_C_LANGUAGE_STANDARD = gnu11;
				GCC_DYNAMIC_NO_PIC = NO;
				GCC_NO_COMMON_BLOCKS = YES;
				GCC_OPTIMIZATION_LEVEL = 0;
				GCC_PREPROCESSOR_DEFINITIONS = (
					"DEBUG=1",
					"$(inherited)",
				);
				GCC_WARN_64_TO_32_BIT_CONVERSION = YES;
				GCC_WARN_ABOUT_RETURN_TYPE = YES_ERROR;
				GCC_WARN_UNDECLARED_SELECTOR = YES;
				GCC_WARN_UNINITIALIZED_AUTOS = YES_AGGRESSIVE;
				GCC_WARN_UNUSED_FUNCTION = YES;
				GCC_WARN_UNUSED_VARIABLE = YES;
				IPHONEOS_DEPLOYMENT_TARGET = 14.0;
				MTL_ENABLE_DEBUG_INFO = INCLUDE_SOURCE;
				MTL_FAST_MATH = YES;
				ONLY_ACTIVE_ARCH = YES;
				SDKROOT = iphoneos;
				SWIFT_ACTIVE_COMPILATION_CONDITIONS = DEBUG;
				SWIFT_OPTIMIZATION_LEVEL = "-Onone";
			};
			name = Debug;
		};
		47D5823C2AE8ACA7007D9DCE /* Release */ = {
			isa = XCBuildConfiguration;
			buildSettings = {
				ALWAYS_SEARCH_USER_PATHS = NO;
				CLANG_ANALYZER_LOCALIZABILITY_NONLOCALIZED = YES;
				CLANG_ANALYZER_NONNULL = YES;
				CLANG_ANALYZER_NUMBER_OBJECT_CONVERSION = YES_AGGRESSIVE;
				CLANG_CXX_LANGUAGE_STANDARD = "gnu++20";
				CLANG_ENABLE_MODULES = YES;
				CLANG_ENABLE_OBJC_ARC = YES;
				CLANG_ENABLE_OBJC_WEAK = YES;
				CLANG_WARN_BLOCK_CAPTURE_AUTORELEASING = YES;
				CLANG_WARN_BOOL_CONVERSION = YES;
				CLANG_WARN_COMMA = YES;
				CLANG_WARN_CONSTANT_CONVERSION = YES;
				CLANG_WARN_DEPRECATED_OBJC_IMPLEMENTATIONS = YES;
				CLANG_WARN_DIRECT_OBJC_ISA_USAGE = YES_ERROR;
				CLANG_WARN_DOCUMENTATION_COMMENTS = YES;
				CLANG_WARN_EMPTY_BODY = YES;
				CLANG_WARN_ENUM_CONVERSION = YES;
				CLANG_WARN_INFINITE_RECURSION = YES;
				CLANG_WARN_INT_CONVERSION = YES;
				CLANG_WARN_NON_LITERAL_NULL_CONVERSION = YES;
				CLANG_WARN_OBJC_IMPLICIT_RETAIN_SELF = YES;
				CLANG_WARN_OBJC_LITERAL_CONVERSION = YES;
				CLANG_WARN_OBJC_ROOT_CLASS = YES_ERROR;
				CLANG_WARN_QUOTED_INCLUDE_IN_FRAMEWORK_HEADER = YES;
				CLANG_WARN_RANGE_LOOP_ANALYSIS = YES;
				CLANG_WARN_STRICT_PROTOTYPES = YES;
				CLANG_WARN_SUSPICIOUS_MOVE = YES;
				CLANG_WARN_UNGUARDED_AVAILABILITY = YES_AGGRESSIVE;
				CLANG_WARN_UNREACHABLE_CODE = YES;
				CLANG_WARN__DUPLICATE_METHOD_MATCH = YES;
				COPY_PHASE_STRIP = NO;
				DEBUG_INFORMATION_FORMAT = "dwarf-with-dsym";
				ENABLE_NS_ASSERTIONS = NO;
				ENABLE_STRICT_OBJC_MSGSEND = YES;
				GCC_C_LANGUAGE_STANDARD = gnu11;
				GCC_NO_COMMON_BLOCKS = YES;
				GCC_WARN_64_TO_32_BIT_CONVERSION = YES;
				GCC_WARN_ABOUT_RETURN_TYPE = YES_ERROR;
				GCC_WARN_UNDECLARED_SELECTOR = YES;
				GCC_WARN_UNINITIALIZED_AUTOS = YES_AGGRESSIVE;
				GCC_WARN_UNUSED_FUNCTION = YES;
				GCC_WARN_UNUSED_VARIABLE = YES;
				IPHONEOS_DEPLOYMENT_TARGET = 14.0;
				MTL_ENABLE_DEBUG_INFO = NO;
				MTL_FAST_MATH = YES;
				SDKROOT = iphoneos;
				SWIFT_COMPILATION_MODE = wholemodule;
				SWIFT_OPTIMIZATION_LEVEL = "-O";
				VALIDATE_PRODUCT = YES;
			};
			name = Release;
		};
		47D5823E2AE8ACA7007D9DCE /* Debug */ = {
			isa = XCBuildConfiguration;
			baseConfigurationReference = 024591B6639E7F4964371B87 /* Pods-IDODemoFull.debug.xcconfig */;
			buildSettings = {
				ASSETCATALOG_COMPILER_APPICON_NAME = AppIcon;
				ASSETCATALOG_COMPILER_GLOBAL_ACCENT_COLOR_NAME = AccentColor;
				CLANG_ALLOW_NON_MODULAR_INCLUDES_IN_FRAMEWORK_MODULES = NO;
				CLANG_ENABLE_MODULES = YES;
				CODE_SIGN_IDENTITY = "Apple Development";
				"CODE_SIGN_IDENTITY[sdk=iphoneos*]" = "iPhone Developer";
				CODE_SIGN_STYLE = Manual;
				CURRENT_PROJECT_VERSION = 1;
				DEVELOPMENT_TEAM = "";
				"DEVELOPMENT_TEAM[sdk=iphoneos*]" = U9X35LMN5B;
				GENERATE_INFOPLIST_FILE = YES;
				INFOPLIST_FILE = "Full-Info.plist";
				INFOPLIST_KEY_CFBundleDisplayName = "Demo Full";
				INFOPLIST_KEY_NSBluetoothAlwaysUsageDescription = "We need to exchange data with the bracelet via bluetooth.";
				INFOPLIST_KEY_NSBluetoothPeripheralUsageDescription = "We need to exchange data with the bracelet via bluetooth.";
				INFOPLIST_KEY_NSLocationAlwaysAndWhenInUseUsageDescription = "We need your location to track the cycling route.";
				INFOPLIST_KEY_NSLocationAlwaysUsageDescription = "We need your location to track the cycling route.";
				INFOPLIST_KEY_NSLocationWhenInUseUsageDescription = "We need your location to track the cycling route.";
				INFOPLIST_KEY_NSMicrophoneUsageDescription = "Need to get phone volume";
				INFOPLIST_KEY_UIApplicationSupportsIndirectInputEvents = YES;
				INFOPLIST_KEY_UILaunchStoryboardName = LaunchScreen.storyboard;
				INFOPLIST_KEY_UIMainStoryboardFile = Main;
				INFOPLIST_KEY_UISupportedInterfaceOrientations = UIInterfaceOrientationPortrait;
				INFOPLIST_KEY_UISupportedInterfaceOrientations_iPad = "UIInterfaceOrientationLandscapeLeft UIInterfaceOrientationLandscapeRight";
				IPHONEOS_DEPLOYMENT_TARGET = 14.0;
				LD_RUNPATH_SEARCH_PATHS = (
					"$(inherited)",
					"@executable_path/Frameworks",
				);
				MARKETING_VERSION = 1.0;
				OTHER_SWIFT_FLAGS = "$(inherited) -D COCOAPODS -D IDOSDK_FULL";
				PRODUCT_BUNDLE_IDENTIFIER = "com.idoosdk.demo-full";
				PRODUCT_NAME = "$(TARGET_NAME)";
				PROVISIONING_PROFILE_SPECIFIER = "";
				"PROVISIONING_PROFILE_SPECIFIER[sdk=iphoneos*]" = idoo_team;
				SUPPORTED_PLATFORMS = "iphoneos iphonesimulator";
				SUPPORTS_MACCATALYST = NO;
				SUPPORTS_MAC_DESIGNED_FOR_IPHONE_IPAD = NO;
				SWIFT_EMIT_LOC_STRINGS = YES;
				SWIFT_OBJC_BRIDGING_HEADER = "IDODemo/IDODemoFull-Bridging-Header.h";
				SWIFT_OPTIMIZATION_LEVEL = "-Onone";
				SWIFT_VERSION = 5.0;
				TARGETED_DEVICE_FAMILY = 1;
			};
			name = Debug;
		};
		47D5823F2AE8ACA7007D9DCE /* Release */ = {
			isa = XCBuildConfiguration;
			baseConfigurationReference = 49D948B58E5F8714D96EECD0 /* Pods-IDODemoFull.release.xcconfig */;
			buildSettings = {
				ASSETCATALOG_COMPILER_APPICON_NAME = AppIcon;
				ASSETCATALOG_COMPILER_GLOBAL_ACCENT_COLOR_NAME = AccentColor;
				CLANG_ALLOW_NON_MODULAR_INCLUDES_IN_FRAMEWORK_MODULES = NO;
				CLANG_ENABLE_MODULES = YES;
				CODE_SIGN_IDENTITY = "Apple Development";
				"CODE_SIGN_IDENTITY[sdk=iphoneos*]" = "iPhone Developer";
				CODE_SIGN_STYLE = Manual;
				CURRENT_PROJECT_VERSION = 1;
				DEVELOPMENT_TEAM = "";
				"DEVELOPMENT_TEAM[sdk=iphoneos*]" = U9X35LMN5B;
				GENERATE_INFOPLIST_FILE = YES;
				INFOPLIST_FILE = "Full-Info.plist";
				INFOPLIST_KEY_CFBundleDisplayName = "Demo Full";
				INFOPLIST_KEY_NSBluetoothAlwaysUsageDescription = "We need to exchange data with the bracelet via bluetooth.";
				INFOPLIST_KEY_NSBluetoothPeripheralUsageDescription = "We need to exchange data with the bracelet via bluetooth.";
				INFOPLIST_KEY_NSLocationAlwaysAndWhenInUseUsageDescription = "We need your location to track the cycling route.";
				INFOPLIST_KEY_NSLocationAlwaysUsageDescription = "We need your location to track the cycling route.";
				INFOPLIST_KEY_NSLocationWhenInUseUsageDescription = "We need your location to track the cycling route.";
				INFOPLIST_KEY_NSMicrophoneUsageDescription = "Need to get phone volume";
				INFOPLIST_KEY_UIApplicationSupportsIndirectInputEvents = YES;
				INFOPLIST_KEY_UILaunchStoryboardName = LaunchScreen.storyboard;
				INFOPLIST_KEY_UIMainStoryboardFile = Main;
				INFOPLIST_KEY_UISupportedInterfaceOrientations = UIInterfaceOrientationPortrait;
				INFOPLIST_KEY_UISupportedInterfaceOrientations_iPad = "UIInterfaceOrientationLandscapeLeft UIInterfaceOrientationLandscapeRight";
				IPHONEOS_DEPLOYMENT_TARGET = 14.0;
				LD_RUNPATH_SEARCH_PATHS = (
					"$(inherited)",
					"@executable_path/Frameworks",
				);
				MARKETING_VERSION = 1.0;
				OTHER_SWIFT_FLAGS = "$(inherited) -D COCOAPODS -D IDOSDK_FULL";
				PRODUCT_BUNDLE_IDENTIFIER = "com.idoosdk.demo-full";
				PRODUCT_NAME = "$(TARGET_NAME)";
				PROVISIONING_PROFILE_SPECIFIER = "";
				"PROVISIONING_PROFILE_SPECIFIER[sdk=iphoneos*]" = idoo_team;
				SUPPORTED_PLATFORMS = "iphoneos iphonesimulator";
				SUPPORTS_MACCATALYST = NO;
				SUPPORTS_MAC_DESIGNED_FOR_IPHONE_IPAD = NO;
				SWIFT_EMIT_LOC_STRINGS = YES;
				SWIFT_OBJC_BRIDGING_HEADER = "IDODemo/IDODemoFull-Bridging-Header.h";
				SWIFT_VERSION = 5.0;
				TARGETED_DEVICE_FAMILY = 1;
			};
			name = Release;
		};
/* End XCBuildConfiguration section */

/* Begin XCConfigurationList section */
		4738B0882B3538EC00D6BBEC /* Build configuration list for PBXNativeTarget "IDODemoLite" */ = {
			isa = XCConfigurationList;
			buildConfigurations = (
				4738B0892B3538EC00D6BBEC /* Debug */,
				4738B08A2B3538EC00D6BBEC /* Release */,
			);
			defaultConfigurationIsVisible = 0;
			defaultConfigurationName = Release;
		};
		47D582242AE8ACA5007D9DCE /* Build configuration list for PBXProject "IDODemo" */ = {
			isa = XCConfigurationList;
			buildConfigurations = (
				47D5823B2AE8ACA7007D9DCE /* Debug */,
				47D5823C2AE8ACA7007D9DCE /* Release */,
			);
			defaultConfigurationIsVisible = 0;
			defaultConfigurationName = Release;
		};
		47D5823D2AE8ACA7007D9DCE /* Build configuration list for PBXNativeTarget "IDODemoFull" */ = {
			isa = XCConfigurationList;
			buildConfigurations = (
				47D5823E2AE8ACA7007D9DCE /* Debug */,
				47D5823F2AE8ACA7007D9DCE /* Release */,
			);
			defaultConfigurationIsVisible = 0;
			defaultConfigurationName = Release;
		};
/* End XCConfigurationList section */
	};
	rootObject = 47D582212AE8ACA5007D9DCE /* Project object */;
}
