PODS:
  - IDOSDK-full (4.0.44)
  - IDOSDK-lite (4.0.44)
  - ReachabilitySwift (5.0.0)
  - RxCocoa (6.8.0):
    - RxRelay (= 6.8.0)
    - RxSwift (= 6.8.0)
  - RxRelay (6.8.0):
    - RxSwift (= 6.8.0)
  - RxSwift (6.8.0)
  - SnapKit (5.6.0)
  - SSZipArchive (2.4.3)
  - SVProgressHUD (2.2.5)

DEPENDENCIES:
  - IDOSDK-full (~> 4.0.44)
  - IDOSDK-lite (~> 4.0.44)
  - ReachabilitySwift
  - RxCocoa
  - RxSwift
  - SnapKit
  - SSZipArchive
  - SVProgressHUD

SPEC REPOS:
  https://github.com/idoosmart/IDOSmartSpec.git:
    - IDOSDK-full
    - IDOSDK-lite
  trunk:
    - ReachabilitySwift
    - RxCocoa
    - RxRelay
    - RxSwift
    - SnapKit
    - SSZipArchive
    - SVProgressHUD

SPEC CHECKSUMS:
  IDOSDK-full: 71dd203c890fc9ee92e1664532528ae6f396de2c
  IDOSDK-lite: 732bf5a3fdd72bcbf83f00c855ee6bbb696b2305
  ReachabilitySwift: 985039c6f7b23a1da463388634119492ff86c825
  RxCocoa: 2d33c1e1e5d66492052ad46b11024ae287572880
  RxRelay: 335c78b926a2aea8d863a6d25f1ed3b5ad8e8705
  RxSwift: 4e28be97cbcfeee614af26d83415febbf2bf6f45
  SnapKit: e01d52ebb8ddbc333eefe2132acf85c8227d9c25
  SSZipArchive: fe6a26b2a54d5a0890f2567b5cc6de5caa600aef
  SVProgressHUD: 1428aafac632c1f86f62aa4243ec12008d7a51d6

PODFILE CHECKSUM: 5f3083a239e25840352f97032b5df93cda69668b

COCOAPODS: 1.15.2
