PODS:
  - IDOSDK-full (4.0.31)
  - IDOSDK-lite (4.0.31)
  - ReachabilitySwift (5.0.0)
  - RxCocoa (6.6.0):
    - RxRelay (= 6.6.0)
    - RxSwift (= 6.6.0)
  - RxRelay (6.6.0):
    - RxSwift (= 6.6.0)
  - RxSwift (6.6.0)
  - SnapKit (5.6.0)
  - SSZipArchive (2.4.3)
  - SVProgressHUD (2.2.5)

DEPENDENCIES:
  - IDOSDK-full (~> 4.0.31)
  - IDOSDK-lite (~> 4.0.31)
  - ReachabilitySwift
  - RxCocoa
  - RxSwift
  - SnapKit
  - SSZipArchive
  - SVProgressHUD

SPEC REPOS:
  https://github.com/idoosmart/IDOSmartSpec.git:
    - IDOSDK-full
    - IDOSDK-lite
  trunk:
    - ReachabilitySwift
    - RxCocoa
    - RxRelay
    - RxSwift
    - SnapKit
    - SSZipArchive
    - SVProgressHUD

SPEC CHECKSUMS:
  IDOSDK-full: 38fd85105c7c793ef85eb18629f147ae3b3af19e
  IDOSDK-lite: d06cebce169a1fd4c54ccafbe91a081c1c77623d
  ReachabilitySwift: 985039c6f7b23a1da463388634119492ff86c825
  RxCocoa: 44a80de90e25b739b5aeaae3c8c371a32e3343cc
  RxRelay: 45eaa5db8ee4fb50e5ebd57deec0159e97fa51e6
  RxSwift: a4b44f7d24599f674deebd1818eab82e58410632
  SnapKit: e01d52ebb8ddbc333eefe2132acf85c8227d9c25
  SSZipArchive: fe6a26b2a54d5a0890f2567b5cc6de5caa600aef
  SVProgressHUD: 1428aafac632c1f86f62aa4243ec12008d7a51d6

PODFILE CHECKSUM: 3e73b88801326ee7e435621ef5d54806a1294d33

COCOAPODS: 1.15.2
