PODS:
  - IDOSDK-full (4.2.6)
  - IDOSDK-lite (4.2.6)
  - ReachabilitySwift (5.0.0)
  - RxCocoa (6.9.0):
    - RxRelay (= 6.9.0)
    - RxSwift (= 6.9.0)
  - RxRelay (6.9.0):
    - RxSwift (= 6.9.0)
  - RxSwift (6.9.0)
  - SnapKit (5.6.0)
  - SSZipArchive (2.4.3)
  - SVProgressHUD (2.2.5)

DEPENDENCIES:
  - IDOSDK-full (~> 4.2.6)
  - IDOSDK-lite (~> 4.2.6)
  - ReachabilitySwift
  - RxCocoa
  - RxSwift
  - SnapKit
  - SSZipArchive
  - SVProgressHUD

SPEC REPOS:
  https://github.com/idoosmart/IDOSmartSpec.git:
    - IDOSDK-full
    - IDOSDK-lite
  trunk:
    - ReachabilitySwift
    - RxCocoa
    - RxRelay
    - RxSwift
    - SnapKit
    - SSZipArchive
    - SVProgressHUD

SPEC CHECKSUMS:
  IDOSDK-full: f3f7be4056d1604864184a59e615d79a42de4e32
  IDOSDK-lite: ce6974ebfeb09f4792e947969d1f632bd0c84c74
  ReachabilitySwift: 985039c6f7b23a1da463388634119492ff86c825
  RxCocoa: ac16414696ae706516be3e1ab00fcce5bdc9be8a
  RxRelay: 6b0c930e5cef57d5fe2032571e5e65b78e3cbdb1
  RxSwift: 31649ace6aceeb422e16ff71c60804f9c3281ed9
  SnapKit: e01d52ebb8ddbc333eefe2132acf85c8227d9c25
  SSZipArchive: fe6a26b2a54d5a0890f2567b5cc6de5caa600aef
  SVProgressHUD: 1428aafac632c1f86f62aa4243ec12008d7a51d6

PODFILE CHECKSUM: c3a1bd96506a9c517eca08ce594554ea1aad71c7

COCOAPODS: 1.16.2
